// !$*UTF8*$!
{
	archiveVersion = 1;
	classes = {
	};
	objectVersion = 54;
	objects = {

/* Begin PBXBuildFile section */
		13B07FBF1A68108700A75B9A /* Images.xcassets in Resources */ = {isa = PBXBuildFile; fileRef = 13B07FB51A68108700A75B9A /* Images.xcassets */; };
		27E830357DA840DDA979241D /* ExpoWidgetsTarget.appex in Embed Foundation Extensions */ = {isa = PBXBuildFile; fileRef = 04245151E48644C6AB9317C7 /* ExpoWidgetsTarget.appex */; };
		3E461D99554A48A4959DE609 /* SplashScreen.storyboard in Resources */ = {isa = PBXBuildFile; fileRef = AA286B85B6C04FC6940260E9 /* SplashScreen.storyboard */; };
		493C92CB61E14DD5A61AC327 /* StudyPlannerTodayWidget.swift in Sources */ = {isa = PBXBuildFile; fileRef = F479D93155114F9BAAF4F84F /* StudyPlannerTodayWidget.swift */; };
		53B3A616F5AE266085204A1E /* ExpoModulesProvider.swift in Sources */ = {isa = PBXBuildFile; fileRef = 51AB57E6BA64D18C01CAE4BA /* ExpoModulesProvider.swift */; };
		6B3D9CF2260526AA00100001 /* StudyPlannerWeekWidget.swift in Sources */ = {isa = PBXBuildFile; fileRef = 6B3D9CF1260526AA00100001 /* StudyPlannerWeekWidget.swift */; };
		6B3D9CF4260526AA00100001 /* StudyPlannerClassProgressWidget.swift in Sources */ = {isa = PBXBuildFile; fileRef = 6B3D9CF3260526AA00100001 /* StudyPlannerClassProgressWidget.swift */; };
		79EB5D9AD820493A8F3B1242 /* index.swift in Sources */ = {isa = PBXBuildFile; fileRef = 5FC37921F37F4D8EAD96F3BC /* index.swift */; };
		8018DE47AF214C5595933CBD /* StudyPlannerUpcomingWidget.swift in Sources */ = {isa = PBXBuildFile; fileRef = 42A38C3140C54551BA56EF43 /* StudyPlannerUpcomingWidget.swift */; };
		94CF91DEBF0CCEDD114B64AB /* PrivacyInfo.xcprivacy in Resources */ = {isa = PBXBuildFile; fileRef = 0686B031A71C82F35E98323B /* PrivacyInfo.xcprivacy */; };
		9B531C01260531AA00100001 /* LifeStudioView.swift in Sources */ = {isa = PBXBuildFile; fileRef = 9B531C00260531AA00100001 /* LifeStudioView.swift */; };
		BA6957967E482AA856E56F94 /* ExpoModulesProvider.swift in Sources */ = {isa = PBXBuildFile; fileRef = 538880F12AA73C7E87CA5524 /* ExpoModulesProvider.swift */; };
		BB2F792D24A3F905000567C9 /* Expo.plist in Resources */ = {isa = PBXBuildFile; fileRef = BB2F792C24A3F905000567C9 /* Expo.plist */; };
		C0518FEC041F34E2C8227E10 /* libPods-StudyPlannerSyllabusAI.a in Frameworks */ = {isa = PBXBuildFile; fileRef = 17DBF8307910FF32A47E537D /* libPods-StudyPlannerSyllabusAI.a */; };
		F11748422D0307B40044C1D9 /* AppDelegate.swift in Sources */ = {isa = PBXBuildFile; fileRef = F11748412D0307B40044C1D9 /* AppDelegate.swift */; };
		F74FC310E385BE0C03284796 /* libPods-ExpoWidgetsTarget.a in Frameworks */ = {isa = PBXBuildFile; fileRef = A674CE619A7BDD12F5D3F866 /* libPods-ExpoWidgetsTarget.a */; };
/* End PBXBuildFile section */

/* Begin PBXContainerItemProxy section */
		A2DD2ED7658B4FE28FFFE882 /* PBXContainerItemProxy */ = {
			isa = PBXContainerItemProxy;
			containerPortal = 83CBB9F71A601CBA00E9B192 /* Project object */;
			proxyType = 1;
			remoteGlobalIDString = 9DB5FCD5B6254D4385EF03E3;
			remoteInfo = ExpoWidgetsTarget;
		};
/* End PBXContainerItemProxy section */

/* Begin PBXCopyFilesBuildPhase section */
		A8C00AC46094406A8F7A8582 /* Embed Foundation Extensions */ = {
			isa = PBXCopyFilesBuildPhase;
			buildActionMask = 2147483647;
			dstPath = "";
			dstSubfolderSpec = 13;
			files = (
				27E830357DA840DDA979241D /* ExpoWidgetsTarget.appex in Embed Foundation Extensions */,
			);
			name = "Embed Foundation Extensions";
			runOnlyForDeploymentPostprocessing = 0;
		};
/* End PBXCopyFilesBuildPhase section */

/* Begin PBXFileReference section */
		04245151E48644C6AB9317C7 /* ExpoWidgetsTarget.appex */ = {isa = PBXFileReference; explicitFileType = "wrapper.app-extension"; fileEncoding = undefined; includeInIndex = 0; lastKnownFileType = undefined; name = ExpoWidgetsTarget.appex; path = ExpoWidgetsTarget.appex; sourceTree = BUILT_PRODUCTS_DIR; };
		0686B031A71C82F35E98323B /* PrivacyInfo.xcprivacy */ = {isa = PBXFileReference; includeInIndex = 1; name = PrivacyInfo.xcprivacy; path = StudyPlannerSyllabusAI/PrivacyInfo.xcprivacy; sourceTree = "<group>"; };
		13B07F961A680F5B00A75B9A /* StudyPlannerSyllabusAI.app */ = {isa = PBXFileReference; explicitFileType = wrapper.application; includeInIndex = 0; path = StudyPlannerSyllabusAI.app; sourceTree = BUILT_PRODUCTS_DIR; };
		13B07FB51A68108700A75B9A /* Images.xcassets */ = {isa = PBXFileReference; lastKnownFileType = folder.assetcatalog; name = Images.xcassets; path = StudyPlannerSyllabusAI/Images.xcassets; sourceTree = "<group>"; };
		13B07FB61A68108700A75B9A /* Info.plist */ = {isa = PBXFileReference; fileEncoding = 4; lastKnownFileType = text.plist.xml; name = Info.plist; path = StudyPlannerSyllabusAI/Info.plist; sourceTree = "<group>"; };
		17DBF8307910FF32A47E537D /* libPods-StudyPlannerSyllabusAI.a */ = {isa = PBXFileReference; explicitFileType = archive.ar; includeInIndex = 0; path = "libPods-StudyPlannerSyllabusAI.a"; sourceTree = BUILT_PRODUCTS_DIR; };
		1EB97E24B0EA71C5DD6199EE /* Pods-StudyPlannerSyllabusAI.release.xcconfig */ = {isa = PBXFileReference; includeInIndex = 1; lastKnownFileType = text.xcconfig; name = "Pods-StudyPlannerSyllabusAI.release.xcconfig"; path = "Target Support Files/Pods-StudyPlannerSyllabusAI/Pods-StudyPlannerSyllabusAI.release.xcconfig"; sourceTree = "<group>"; };
		2E0ADED57ECD4E48867D8CE9 /* Info.plist */ = {isa = PBXFileReference; explicitFileType = undefined; fileEncoding = 4; includeInIndex = 0; lastKnownFileType = text.plist.xml; name = Info.plist; path = /Users/mattnewman/work/StudyPlanner/ios/ExpoWidgetsTarget/Info.plist; sourceTree = "<group>"; };
		42A38C3140C54551BA56EF43 /* StudyPlannerUpcomingWidget.swift */ = {isa = PBXFileReference; explicitFileType = undefined; fileEncoding = 4; includeInIndex = 0; lastKnownFileType = sourcecode.swift; name = StudyPlannerUpcomingWidget.swift; path = /Users/mattnewman/work/StudyPlanner/ios/ExpoWidgetsTarget/StudyPlannerUpcomingWidget.swift; sourceTree = "<group>"; };
		51AB57E6BA64D18C01CAE4BA /* ExpoModulesProvider.swift */ = {isa = PBXFileReference; includeInIndex = 1; lastKnownFileType = sourcecode.swift; name = ExpoModulesProvider.swift; path = "Pods/Target Support Files/Pods-ExpoWidgetsTarget/ExpoModulesProvider.swift"; sourceTree = "<group>"; };
		538880F12AA73C7E87CA5524 /* ExpoModulesProvider.swift */ = {isa = PBXFileReference; includeInIndex = 1; lastKnownFileType = sourcecode.swift; name = ExpoModulesProvider.swift; path = "Pods/Target Support Files/Pods-StudyPlannerSyllabusAI/ExpoModulesProvider.swift"; sourceTree = "<group>"; };
		5EC54290CE2A41FE904C1063 /* ExpoWidgetsTarget.entitlements */ = {isa = PBXFileReference; explicitFileType = undefined; fileEncoding = undefined; includeInIndex = 0; lastKnownFileType = unknown; name = ExpoWidgetsTarget.entitlements; path = /Users/mattnewman/work/StudyPlanner/ios/ExpoWidgetsTarget/ExpoWidgetsTarget.entitlements; sourceTree = "<group>"; };
		5FC37921F37F4D8EAD96F3BC /* index.swift */ = {isa = PBXFileReference; explicitFileType = undefined; fileEncoding = 4; includeInIndex = 0; lastKnownFileType = sourcecode.swift; name = index.swift; path = /Users/mattnewman/work/StudyPlanner/ios/ExpoWidgetsTarget/index.swift; sourceTree = "<group>"; };
		699B4FCBEF7504039D0367BE /* Pods-ExpoWidgetsTarget.release.xcconfig */ = {isa = PBXFileReference; includeInIndex = 1; lastKnownFileType = text.xcconfig; name = "Pods-ExpoWidgetsTarget.release.xcconfig"; path = "Target Support Files/Pods-ExpoWidgetsTarget/Pods-ExpoWidgetsTarget.release.xcconfig"; sourceTree = "<group>"; };
		6B3D9CF1260526AA00100001 /* StudyPlannerWeekWidget.swift */ = {isa = PBXFileReference; explicitFileType = undefined; fileEncoding = 4; includeInIndex = 0; lastKnownFileType = sourcecode.swift; name = StudyPlannerWeekWidget.swift; path = /Users/mattnewman/work/StudyPlanner/ios/ExpoWidgetsTarget/StudyPlannerWeekWidget.swift; sourceTree = "<group>"; };
		6B3D9CF3260526AA00100001 /* StudyPlannerClassProgressWidget.swift */ = {isa = PBXFileReference; explicitFileType = undefined; fileEncoding = 4; includeInIndex = 0; lastKnownFileType = sourcecode.swift; name = StudyPlannerClassProgressWidget.swift; path = /Users/mattnewman/work/StudyPlanner/ios/ExpoWidgetsTarget/StudyPlannerClassProgressWidget.swift; sourceTree = "<group>"; };
		823799D84D4F3F6C62D01E78 /* Pods-ExpoWidgetsTarget.debug.xcconfig */ = {isa = PBXFileReference; includeInIndex = 1; lastKnownFileType = text.xcconfig; name = "Pods-ExpoWidgetsTarget.debug.xcconfig"; path = "Target Support Files/Pods-ExpoWidgetsTarget/Pods-ExpoWidgetsTarget.debug.xcconfig"; sourceTree = "<group>"; };
		88D9822F80D44FFDB6599A31 /* ExpoWidgetsTarget.entitlements */ = {isa = PBXFileReference; explicitFileType = undefined; fileEncoding = undefined; includeInIndex = 0; lastKnownFileType = unknown; name = ExpoWidgetsTarget.entitlements; path = ExpoWidgetsTarget.entitlements; sourceTree = "<group>"; };
		9B531C00260531AA00100001 /* LifeStudioView.swift */ = {isa = PBXFileReference; lastKnownFileType = sourcecode.swift; name = LifeStudioView.swift; path = StudyPlannerSyllabusAI/LifeStudioView.swift; sourceTree = "<group>"; };
		A674CE619A7BDD12F5D3F866 /* libPods-ExpoWidgetsTarget.a */ = {isa = PBXFileReference; explicitFileType = archive.ar; includeInIndex = 0; path = "libPods-ExpoWidgetsTarget.a"; sourceTree = BUILT_PRODUCTS_DIR; };
		AA286B85B6C04FC6940260E9 /* SplashScreen.storyboard */ = {isa = PBXFileReference; fileEncoding = 4; lastKnownFileType = file.storyboard; name = SplashScreen.storyboard; path = StudyPlannerSyllabusAI/SplashScreen.storyboard; sourceTree = "<group>"; };
		BB2F792C24A3F905000567C9 /* Expo.plist */ = {isa = PBXFileReference; fileEncoding = 4; lastKnownFileType = text.plist.xml; path = Expo.plist; sourceTree = "<group>"; };
		E343C434CD6F907F4B287AAF /* Pods-StudyPlannerSyllabusAI.debug.xcconfig */ = {isa = PBXFileReference; includeInIndex = 1; lastKnownFileType = text.xcconfig; name = "Pods-StudyPlannerSyllabusAI.debug.xcconfig"; path = "Target Support Files/Pods-StudyPlannerSyllabusAI/Pods-StudyPlannerSyllabusAI.debug.xcconfig"; sourceTree = "<group>"; };
		ED297162215061F000B7C4FE /* JavaScriptCore.framework */ = {isa = PBXFileReference; lastKnownFileType = wrapper.framework; name = JavaScriptCore.framework; path = System/Library/Frameworks/JavaScriptCore.framework; sourceTree = SDKROOT; };
		F11748412D0307B40044C1D9 /* AppDelegate.swift */ = {isa = PBXFileReference; lastKnownFileType = sourcecode.swift; name = AppDelegate.swift; path = StudyPlannerSyllabusAI/AppDelegate.swift; sourceTree = "<group>"; };
		F11748442D0722820044C1D9 /* StudyPlannerSyllabusAI-Bridging-Header.h */ = {isa = PBXFileReference; lastKnownFileType = sourcecode.c.h; name = "StudyPlannerSyllabusAI-Bridging-Header.h"; path = "StudyPlannerSyllabusAI/StudyPlannerSyllabusAI-Bridging-Header.h"; sourceTree = "<group>"; };
		F479D93155114F9BAAF4F84F /* StudyPlannerTodayWidget.swift */ = {isa = PBXFileReference; explicitFileType = undefined; fileEncoding = 4; includeInIndex = 0; lastKnownFileType = sourcecode.swift; name = StudyPlannerTodayWidget.swift; path = /Users/mattnewman/work/StudyPlanner/ios/ExpoWidgetsTarget/StudyPlannerTodayWidget.swift; sourceTree = "<group>"; };
/* End PBXFileReference section */

/* Begin PBXFrameworksBuildPhase section */
		13B07F8C1A680F5B00A75B9A /* Frameworks */ = {
			isa = PBXFrameworksBuildPhase;
			buildActionMask = 2147483647;
			files = (
				C0518FEC041F34E2C8227E10 /* libPods-StudyPlannerSyllabusAI.a in Frameworks */,
			);
			runOnlyForDeploymentPostprocessing = 0;
		};
		BF7A9A6D85574EDA83343FA4 /* Frameworks */ = {
			isa = PBXFrameworksBuildPhase;
			buildActionMask = 2147483647;
			files = (
				F74FC310E385BE0C03284796 /* libPods-ExpoWidgetsTarget.a in Frameworks */,
			);
			runOnlyForDeploymentPostprocessing = 0;
		};
/* End PBXFrameworksBuildPhase section */

/* Begin PBXGroup section */
		13B07FAE1A68108700A75B9A /* StudyPlannerSyllabusAI */ = {
			isa = PBXGroup;
			children = (
				F11748412D0307B40044C1D9 /* AppDelegate.swift */,
				9B531C00260531AA00100001 /* LifeStudioView.swift */,
				F11748442D0722820044C1D9 /* StudyPlannerSyllabusAI-Bridging-Header.h */,
				BB2F792B24A3F905000567C9 /* Supporting */,
				13B07FB51A68108700A75B9A /* Images.xcassets */,
				13B07FB61A68108700A75B9A /* Info.plist */,
				AA286B85B6C04FC6940260E9 /* SplashScreen.storyboard */,
				0686B031A71C82F35E98323B /* PrivacyInfo.xcprivacy */,
			);
			name = StudyPlannerSyllabusAI;
			sourceTree = "<group>";
		};
		22282F8109620F6AF37E1752 /* ExpoModulesProviders */ = {
			isa = PBXGroup;
			children = (
				E5F25E375A4DABF9F51FD570 /* ExpoWidgetsTarget */,
				7D4D19BBC71A3C4151FF5596 /* StudyPlannerSyllabusAI */,
			);
			name = ExpoModulesProviders;
			sourceTree = "<group>";
		};
		2D16E6871FA4F8E400B85C8A /* Frameworks */ = {
			isa = PBXGroup;
			children = (
				ED297162215061F000B7C4FE /* JavaScriptCore.framework */,
				A674CE619A7BDD12F5D3F866 /* libPods-ExpoWidgetsTarget.a */,
				17DBF8307910FF32A47E537D /* libPods-StudyPlannerSyllabusAI.a */,
			);
			name = Frameworks;
			sourceTree = "<group>";
		};
		386C148299AD4BCD9BB5CBF0 /* ExpoWidgetsTarget */ = {
			isa = PBXGroup;
			children = (
				5EC54290CE2A41FE904C1063 /* ExpoWidgetsTarget.entitlements */,
				2E0ADED57ECD4E48867D8CE9 /* Info.plist */,
				5FC37921F37F4D8EAD96F3BC /* index.swift */,
				F479D93155114F9BAAF4F84F /* StudyPlannerTodayWidget.swift */,
				42A38C3140C54551BA56EF43 /* StudyPlannerUpcomingWidget.swift */,
				6B3D9CF1260526AA00100001 /* StudyPlannerWeekWidget.swift */,
				6B3D9CF3260526AA00100001 /* StudyPlannerClassProgressWidget.swift */,
				88D9822F80D44FFDB6599A31 /* ExpoWidgetsTarget.entitlements */,
			);
			name = ExpoWidgetsTarget;
			path = ExpoWidgetsTarget;
			sourceTree = "<group>";
		};
		7D4D19BBC71A3C4151FF5596 /* StudyPlannerSyllabusAI */ = {
			isa = PBXGroup;
			children = (
				538880F12AA73C7E87CA5524 /* ExpoModulesProvider.swift */,
			);
			name = StudyPlannerSyllabusAI;
			sourceTree = "<group>";
		};
		832341AE1AAA6A7D00B99B32 /* Libraries */ = {
			isa = PBXGroup;
			children = (
			);
			name = Libraries;
			sourceTree = "<group>";
		};
		83CBB9F61A601CBA00E9B192 = {
			isa = PBXGroup;
			children = (
				13B07FAE1A68108700A75B9A /* StudyPlannerSyllabusAI */,
				832341AE1AAA6A7D00B99B32 /* Libraries */,
				83CBBA001A601CBA00E9B192 /* Products */,
				2D16E6871FA4F8E400B85C8A /* Frameworks */,
				386C148299AD4BCD9BB5CBF0 /* ExpoWidgetsTarget */,
				EF89E1DD01515AEA829CD710 /* Pods */,
				22282F8109620F6AF37E1752 /* ExpoModulesProviders */,
			);
			indentWidth = 2;
			sourceTree = "<group>";
			tabWidth = 2;
			usesTabs = 0;
		};
		83CBBA001A601CBA00E9B192 /* Products */ = {
			isa = PBXGroup;
			children = (
				13B07F961A680F5B00A75B9A /* StudyPlannerSyllabusAI.app */,
				04245151E48644C6AB9317C7 /* ExpoWidgetsTarget.appex */,
			);
			name = Products;
			sourceTree = "<group>";
		};
		BB2F792B24A3F905000567C9 /* Supporting */ = {
			isa = PBXGroup;
			children = (
				BB2F792C24A3F905000567C9 /* Expo.plist */,
			);
			name = Supporting;
			path = StudyPlannerSyllabusAI/Supporting;
			sourceTree = "<group>";
		};
		E5F25E375A4DABF9F51FD570 /* ExpoWidgetsTarget */ = {
			isa = PBXGroup;
			children = (
				51AB57E6BA64D18C01CAE4BA /* ExpoModulesProvider.swift */,
			);
			name = ExpoWidgetsTarget;
			sourceTree = "<group>";
		};
		EF89E1DD01515AEA829CD710 /* Pods */ = {
			isa = PBXGroup;
			children = (
				823799D84D4F3F6C62D01E78 /* Pods-ExpoWidgetsTarget.debug.xcconfig */,
				699B4FCBEF7504039D0367BE /* Pods-ExpoWidgetsTarget.release.xcconfig */,
				E343C434CD6F907F4B287AAF /* Pods-StudyPlannerSyllabusAI.debug.xcconfig */,
				1EB97E24B0EA71C5DD6199EE /* Pods-StudyPlannerSyllabusAI.release.xcconfig */,
			);
			name = Pods;
			path = Pods;
			sourceTree = "<group>";
		};
/* End PBXGroup section */

/* Begin PBXNativeTarget section */
		13B07F861A680F5B00A75B9A /* StudyPlannerSyllabusAI */ = {
			isa = PBXNativeTarget;
			buildConfigurationList = 13B07F931A680F5B00A75B9A /* Build configuration list for PBXNativeTarget "StudyPlannerSyllabusAI" */;
			buildPhases = (
				08A4A3CD28434E44B6B9DE2E /* [CP] Check Pods Manifest.lock */,
				B7E6FF7952E0CC18358FFEDB /* [Expo] Configure project */,
				13B07F871A680F5B00A75B9A /* Sources */,
				13B07F8C1A680F5B00A75B9A /* Frameworks */,
				13B07F8E1A680F5B00A75B9A /* Resources */,
				00DD1BFF1BD5951E006B06BC /* Bundle React Native code and images */,
				800E24972A6A228C8D4807E9 /* [CP] Copy Pods Resources */,
				A8C00AC46094406A8F7A8582 /* Embed Foundation Extensions */,
				57F8693B102A131F7CF1EA9F /* [CP] Embed Pods Frameworks */,
			);
			buildRules = (
			);
			dependencies = (
				4614FAB76B61401DBD604BDB /* PBXTargetDependency */,
			);
			name = StudyPlannerSyllabusAI;
			productName = StudyPlannerSyllabusAI;
			productReference = 13B07F961A680F5B00A75B9A /* StudyPlannerSyllabusAI.app */;
			productType = "com.apple.product-type.application";
		};
		9DB5FCD5B6254D4385EF03E3 /* ExpoWidgetsTarget */ = {
			isa = PBXNativeTarget;
			buildConfigurationList = 0B6AD94058344FB6ABA000AD /* Build configuration list for PBXNativeTarget "ExpoWidgetsTarget" */;
			buildPhases = (
				F4B39006C5014B6BD4ED9AF9 /* [CP] Check Pods Manifest.lock */,
				35C8C6FB8978C4E645E148B8 /* [Expo] Configure project */,
				C6B2E90D011B49E08CC5EBDF /* Sources */,
				BF7A9A6D85574EDA83343FA4 /* Frameworks */,
				6DC4F37044244489F60CCDEB /* [CP] Copy Pods Resources */,
			);
			buildRules = (
			);
			dependencies = (
			);
			name = ExpoWidgetsTarget;
			productName = ExpoWidgetsTarget;
			productReference = 04245151E48644C6AB9317C7 /* ExpoWidgetsTarget.appex */;
			productType = "com.apple.product-type.app-extension";
		};
/* End PBXNativeTarget section */

/* Begin PBXProject section */
		83CBB9F71A601CBA00E9B192 /* Project object */ = {
			isa = PBXProject;
			attributes = {
				LastUpgradeCheck = 1130;
				TargetAttributes = {
					13B07F861A680F5B00A75B9A = {
						LastSwiftMigration = 1250;
					};
					9DB5FCD5B6254D4385EF03E3 = {
						LastSwiftMigration = 1250;
					};
				};
			};
			buildConfigurationList = 83CBB9FA1A601CBA00E9B192 /* Build configuration list for PBXProject "StudyPlannerSyllabusAI" */;
			compatibilityVersion = "Xcode 3.2";
			developmentRegion = en;
			hasScannedForEncodings = 0;
			knownRegions = (
				en,
				Base,
			);
			mainGroup = 83CBB9F61A601CBA00E9B192;
			productRefGroup = 83CBBA001A601CBA00E9B192 /* Products */;
			projectDirPath = "";
			projectRoot = "";
			targets = (
				13B07F861A680F5B00A75B9A /* StudyPlannerSyllabusAI */,
				9DB5FCD5B6254D4385EF03E3 /* ExpoWidgetsTarget */,
			);
		};
/* End PBXProject section */

/* Begin PBXResourcesBuildPhase section */
		13B07F8E1A680F5B00A75B9A /* Resources */ = {
			isa = PBXResourcesBuildPhase;
			buildActionMask = 2147483647;
			files = (
				BB2F792D24A3F905000567C9 /* Expo.plist in Resources */,
				13B07FBF1A68108700A75B9A /* Images.xcassets in Resources */,
				3E461D99554A48A4959DE609 /* SplashScreen.storyboard in Resources */,
				94CF91DEBF0CCEDD114B64AB /* PrivacyInfo.xcprivacy in Resources */,
			);
			runOnlyForDeploymentPostprocessing = 0;
		};
/* End PBXResourcesBuildPhase section */

/* Begin PBXShellScriptBuildPhase section */
		00DD1BFF1BD5951E006B06BC /* Bundle React Native code and images */ = {
			isa = PBXShellScriptBuildPhase;
			alwaysOutOfDate = 1;
			buildActionMask = 2147483647;
			files = (
			);
			inputPaths = (
				"$(SRCROOT)/.xcode.env",
				"$(SRCROOT)/.xcode.env.local",
			);
			name = "Bundle React Native code and images";
			outputPaths = (
			);
			runOnlyForDeploymentPostprocessing = 0;
			shellPath = /bin/sh;
			shellScript = "if [[ -f \"$PODS_ROOT/../.xcode.env\" ]]; then\n  source \"$PODS_ROOT/../.xcode.env\"\nfi\nif [[ -f \"$PODS_ROOT/../.xcode.env.local\" ]]; then\n  source \"$PODS_ROOT/../.xcode.env.local\"\nfi\n\n# The project root by default is one level up from the ios directory\nexport PROJECT_ROOT=\"$PROJECT_DIR\"/..\n\nif [[ \"$CONFIGURATION\" = *Debug* ]]; then\n  export SKIP_BUNDLING=1\nfi\nif [[ -z \"$ENTRY_FILE\" ]]; then\n  # Set the entry JS file using the bundler's entry resolution.\n  export ENTRY_FILE=\"$(\"$NODE_BINARY\" -e \"require('expo/scripts/resolveAppEntry')\" \"$PROJECT_ROOT\" ios absolute | tail -n 1)\"\nfi\n\nif [[ -z \"$CLI_PATH\" ]]; then\n  # Use Expo CLI\n  export CLI_PATH=\"$(\"$NODE_BINARY\" --print \"require.resolve('@expo/cli', { paths: [require.resolve('expo/package.json')] })\")\"\nfi\nif [[ -z \"$BUNDLE_COMMAND\" ]]; then\n  # Default Expo CLI command for bundling\n  export BUNDLE_COMMAND=\"export:embed\"\nfi\n\n# Source .xcode.env.updates if it exists to allow\n# SKIP_BUNDLING to be unset if needed\nif [[ -f \"$PODS_ROOT/../.xcode.env.updates\" ]]; then\n  source \"$PODS_ROOT/../.xcode.env.updates\"\nfi\n# Source local changes to allow overrides\n# if needed\nif [[ -f \"$PODS_ROOT/../.xcode.env.local\" ]]; then\n  source \"$PODS_ROOT/../.xcode.env.local\"\nfi\n\n`\"$NODE_BINARY\" --print \"require('path').dirname(require.resolve('react-native/package.json')) + '/scripts/react-native-xcode.sh'\"`\n\n";
		};
		08A4A3CD28434E44B6B9DE2E /* [CP] Check Pods Manifest.lock */ = {
			isa = PBXShellScriptBuildPhase;
			buildActionMask = 2147483647;
			files = (
			);
			inputFileListPaths = (
			);
			inputPaths = (
				"${PODS_PODFILE_DIR_PATH}/Podfile.lock",
				"${PODS_ROOT}/Manifest.lock",
			);
			name = "[CP] Check Pods Manifest.lock";
			outputFileListPaths = (
			);
			outputPaths = (
				"$(DERIVED_FILE_DIR)/Pods-StudyPlannerSyllabusAI-checkManifestLockResult.txt",
			);
			runOnlyForDeploymentPostprocessing = 0;
			shellPath = /bin/sh;
			shellScript = "diff \"${PODS_PODFILE_DIR_PATH}/Podfile.lock\" \"${PODS_ROOT}/Manifest.lock\" > /dev/null\nif [ $? != 0 ] ; then\n    # print error to STDERR\n    echo \"error: The sandbox is not in sync with the Podfile.lock. Run 'pod install' or update your CocoaPods installation.\" >&2\n    exit 1\nfi\n# This output is used by Xcode 'outputs' to avoid re-running this script phase.\necho \"SUCCESS\" > \"${SCRIPT_OUTPUT_FILE_0}\"\n";
			showEnvVarsInLog = 0;
		};
		35C8C6FB8978C4E645E148B8 /* [Expo] Configure project */ = {
			isa = PBXShellScriptBuildPhase;
			alwaysOutOfDate = 1;
			buildActionMask = 2147483647;
			files = (
			);
			inputFileListPaths = (
			);
			inputPaths = (
				"$(SRCROOT)/.xcode.env",
				"$(SRCROOT)/.xcode.env.local",
				"$(SRCROOT)/ExpoWidgetsTarget/ExpoWidgetsTarget.entitlements",
				"$(SRCROOT)/Pods/Target Support Files/Pods-ExpoWidgetsTarget/expo-configure-project.sh",
			);
			name = "[Expo] Configure project";
			outputFileListPaths = (
			);
			outputPaths = (
				"$(SRCROOT)/Pods/Target Support Files/Pods-ExpoWidgetsTarget/ExpoModulesProvider.swift",
			);
			runOnlyForDeploymentPostprocessing = 0;
			shellPath = /bin/sh;
			shellScript = "# This script configures Expo modules and generates the modules provider file.\nbash -l -c \"./Pods/Target\\ Support\\ Files/Pods-ExpoWidgetsTarget/expo-configure-project.sh\"\n";
		};
		57F8693B102A131F7CF1EA9F /* [CP] Embed Pods Frameworks */ = {
			isa = PBXShellScriptBuildPhase;
			buildActionMask = 2147483647;
			files = (
			);
			inputPaths = (
				"${PODS_ROOT}/Target Support Files/Pods-StudyPlannerSyllabusAI/Pods-StudyPlannerSyllabusAI-frameworks.sh",
				"${PODS_XCFRAMEWORKS_BUILD_DIR}/React-Core-prebuilt/React.framework/React",
				"${PODS_XCFRAMEWORKS_BUILD_DIR}/ReactNativeDependencies/ReactNativeDependencies.framework/ReactNativeDependencies",
				"${PODS_XCFRAMEWORKS_BUILD_DIR}/hermes-engine/Pre-built/hermesvm.framework/hermesvm",
			);
			name = "[CP] Embed Pods Frameworks";
			outputPaths = (
				"${TARGET_BUILD_DIR}/${FRAMEWORKS_FOLDER_PATH}/React.framework",
				"${TARGET_BUILD_DIR}/${FRAMEWORKS_FOLDER_PATH}/ReactNativeDependencies.framework",
				"${TARGET_BUILD_DIR}/${FRAMEWORKS_FOLDER_PATH}/hermesvm.framework",
			);
			runOnlyForDeploymentPostprocessing = 0;
			shellPath = /bin/sh;
			shellScript = "\"${PODS_ROOT}/Target Support Files/Pods-StudyPlannerSyllabusAI/Pods-StudyPlannerSyllabusAI-frameworks.sh\"\n";
			showEnvVarsInLog = 0;
		};
		6DC4F37044244489F60CCDEB /* [CP] Copy Pods Resources */ = {
			isa = PBXShellScriptBuildPhase;
			buildActionMask = 2147483647;
			files = (
			);
			inputPaths = (
				"${PODS_ROOT}/Target Support Files/Pods-ExpoWidgetsTarget/Pods-ExpoWidgetsTarget-resources.sh",
				"${PODS_CONFIGURATION_BUILD_DIR}/ExpoWidgets/ExpoWidgets.bundle",
				"${PODS_CONFIGURATION_BUILD_DIR}/React-Core/React-Core_privacy.bundle",
				"${PODS_CONFIGURATION_BUILD_DIR}/React-cxxreact/React-cxxreact_privacy.bundle",
			);
			name = "[CP] Copy Pods Resources";
			outputPaths = (
				"${TARGET_BUILD_DIR}/${UNLOCALIZED_RESOURCES_FOLDER_PATH}/ExpoWidgets.bundle",
				"${TARGET_BUILD_DIR}/${UNLOCALIZED_RESOURCES_FOLDER_PATH}/React-Core_privacy.bundle",
				"${TARGET_BUILD_DIR}/${UNLOCALIZED_RESOURCES_FOLDER_PATH}/React-cxxreact_privacy.bundle",
			);
			runOnlyForDeploymentPostprocessing = 0;
			shellPath = /bin/sh;
			shellScript = "\"${PODS_ROOT}/Target Support Files/Pods-ExpoWidgetsTarget/Pods-ExpoWidgetsTarget-resources.sh\"\n";
			showEnvVarsInLog = 0;
		};
		800E24972A6A228C8D4807E9 /* [CP] Copy Pods Resources */ = {
			isa = PBXShellScriptBuildPhase;
			buildActionMask = 2147483647;
			files = (
			);
			inputPaths = (
				"${PODS_ROOT}/Target Support Files/Pods-StudyPlannerSyllabusAI/Pods-StudyPlannerSyllabusAI-resources.sh",
				"${PODS_CONFIGURATION_BUILD_DIR}/EXApplication/ExpoApplication_privacy.bundle",
				"${PODS_CONFIGURATION_BUILD_DIR}/EXConstants/EXConstants.bundle",
				"${PODS_CONFIGURATION_BUILD_DIR}/EXConstants/ExpoConstants_privacy.bundle",
				"${PODS_CONFIGURATION_BUILD_DIR}/ExpoFileSystem/ExpoFileSystem_privacy.bundle",
				"${PODS_CONFIGURATION_BUILD_DIR}/ExpoNotifications/ExpoNotifications_privacy.bundle",
				"${PODS_CONFIGURATION_BUILD_DIR}/ExpoWidgets/ExpoWidgets.bundle",
				"${PODS_CONFIGURATION_BUILD_DIR}/RNCAsyncStorage/RNCAsyncStorage_resources.bundle",
				"${PODS_CONFIGURATION_BUILD_DIR}/RNSVG/RNSVGFilters.bundle",
				"${PODS_CONFIGURATION_BUILD_DIR}/React-Core/React-Core_privacy.bundle",
				"${PODS_CONFIGURATION_BUILD_DIR}/React-cxxreact/React-cxxreact_privacy.bundle",
			);
			name = "[CP] Copy Pods Resources";
			outputPaths = (
				"${TARGET_BUILD_DIR}/${UNLOCALIZED_RESOURCES_FOLDER_PATH}/ExpoApplication_privacy.bundle",
				"${TARGET_BUILD_DIR}/${UNLOCALIZED_RESOURCES_FOLDER_PATH}/EXConstants.bundle",
				"${TARGET_BUILD_DIR}/${UNLOCALIZED_RESOURCES_FOLDER_PATH}/ExpoConstants_privacy.bundle",
				"${TARGET_BUILD_DIR}/${UNLOCALIZED_RESOURCES_FOLDER_PATH}/ExpoFileSystem_privacy.bundle",
				"${TARGET_BUILD_DIR}/${UNLOCALIZED_RESOURCES_FOLDER_PATH}/ExpoNotifications_privacy.bundle",
				"${TARGET_BUILD_DIR}/${UNLOCALIZED_RESOURCES_FOLDER_PATH}/ExpoWidgets.bundle",
				"${TARGET_BUILD_DIR}/${UNLOCALIZED_RESOURCES_FOLDER_PATH}/RNCAsyncStorage_resources.bundle",
				"${TARGET_BUILD_DIR}/${UNLOCALIZED_RESOURCES_FOLDER_PATH}/RNSVGFilters.bundle",
				"${TARGET_BUILD_DIR}/${UNLOCALIZED_RESOURCES_FOLDER_PATH}/React-Core_privacy.bundle",
				"${TARGET_BUILD_DIR}/${UNLOCALIZED_RESOURCES_FOLDER_PATH}/React-cxxreact_privacy.bundle",
			);
			runOnlyForDeploymentPostprocessing = 0;
			shellPath = /bin/sh;
			shellScript = "\"${PODS_ROOT}/Target Support Files/Pods-StudyPlannerSyllabusAI/Pods-StudyPlannerSyllabusAI-resources.sh\"\n";
			showEnvVarsInLog = 0;
		};
		B7E6FF7952E0CC18358FFEDB /* [Expo] Configure project */ = {
			isa = PBXShellScriptBuildPhase;
			alwaysOutOfDate = 1;
			buildActionMask = 2147483647;
			files = (
			);
			inputFileListPaths = (
			);
			inputPaths = (
				"$(SRCROOT)/.xcode.env",
				"$(SRCROOT)/.xcode.env.local",
				"$(SRCROOT)/StudyPlannerSyllabusAI/StudyPlannerSyllabusAI.entitlements",
				"$(SRCROOT)/Pods/Target Support Files/Pods-StudyPlannerSyllabusAI/expo-configure-project.sh",
			);
			name = "[Expo] Configure project";
			outputFileListPaths = (
			);
			outputPaths = (
				"$(SRCROOT)/Pods/Target Support Files/Pods-StudyPlannerSyllabusAI/ExpoModulesProvider.swift",
			);
			runOnlyForDeploymentPostprocessing = 0;
			shellPath = /bin/sh;
			shellScript = "# This script configures Expo modules and generates the modules provider file.\nbash -l -c \"./Pods/Target\\ Support\\ Files/Pods-StudyPlannerSyllabusAI/expo-configure-project.sh\"\n";
		};
		F4B39006C5014B6BD4ED9AF9 /* [CP] Check Pods Manifest.lock */ = {
			isa = PBXShellScriptBuildPhase;
			buildActionMask = 2147483647;
			files = (
			);
			inputFileListPaths = (
			);
			inputPaths = (
				"${PODS_PODFILE_DIR_PATH}/Podfile.lock",
				"${PODS_ROOT}/Manifest.lock",
			);
			name = "[CP] Check Pods Manifest.lock";
			outputFileListPaths = (
			);
			outputPaths = (
				"$(DERIVED_FILE_DIR)/Pods-ExpoWidgetsTarget-checkManifestLockResult.txt",
			);
			runOnlyForDeploymentPostprocessing = 0;
			shellPath = /bin/sh;
			shellScript = "diff \"${PODS_PODFILE_DIR_PATH}/Podfile.lock\" \"${PODS_ROOT}/Manifest.lock\" > /dev/null\nif [ $? != 0 ] ; then\n    # print error to STDERR\n    echo \"error: The sandbox is not in sync with the Podfile.lock. Run 'pod install' or update your CocoaPods installation.\" >&2\n    exit 1\nfi\n# This output is used by Xcode 'outputs' to avoid re-running this script phase.\necho \"SUCCESS\" > \"${SCRIPT_OUTPUT_FILE_0}\"\n";
			showEnvVarsInLog = 0;
		};
/* End PBXShellScriptBuildPhase section */

/* Begin PBXSourcesBuildPhase section */
		13B07F871A680F5B00A75B9A /* Sources */ = {
			isa = PBXSourcesBuildPhase;
			buildActionMask = 2147483647;
			files = (
				F11748422D0307B40044C1D9 /* AppDelegate.swift in Sources */,
				9B531C01260531AA00100001 /* LifeStudioView.swift in Sources */,
				BA6957967E482AA856E56F94 /* ExpoModulesProvider.swift in Sources */,
			);
			runOnlyForDeploymentPostprocessing = 0;
		};
		C6B2E90D011B49E08CC5EBDF /* Sources */ = {
			isa = PBXSourcesBuildPhase;
			buildActionMask = 2147483647;
			files = (
				79EB5D9AD820493A8F3B1242 /* index.swift in Sources */,
				493C92CB61E14DD5A61AC327 /* StudyPlannerTodayWidget.swift in Sources */,
				8018DE47AF214C5595933CBD /* StudyPlannerUpcomingWidget.swift in Sources */,
				6B3D9CF2260526AA00100001 /* StudyPlannerWeekWidget.swift in Sources */,
				6B3D9CF4260526AA00100001 /* StudyPlannerClassProgressWidget.swift in Sources */,
				53B3A616F5AE266085204A1E /* ExpoModulesProvider.swift in Sources */,
			);
			runOnlyForDeploymentPostprocessing = 0;
		};
/* End PBXSourcesBuildPhase section */

/* Begin PBXTargetDependency section */
		4614FAB76B61401DBD604BDB /* PBXTargetDependency */ = {
			isa = PBXTargetDependency;
			target = 9DB5FCD5B6254D4385EF03E3 /* ExpoWidgetsTarget */;
			targetProxy = A2DD2ED7658B4FE28FFFE882 /* PBXContainerItemProxy */;
		};
/* End PBXTargetDependency section */

/* Begin XCBuildConfiguration section */
		13B07F941A680F5B00A75B9A /* Debug */ = {
			isa = XCBuildConfiguration;
			baseConfigurationReference = E343C434CD6F907F4B287AAF /* Pods-StudyPlannerSyllabusAI.debug.xcconfig */;
			buildSettings = {
				ASSETCATALOG_COMPILER_APPICON_NAME = AppIcon;
				CLANG_ENABLE_MODULES = YES;
				CODE_SIGN_ENTITLEMENTS = StudyPlannerSyllabusAI/StudyPlannerSyllabusAI.entitlements;
				CURRENT_PROJECT_VERSION = 1;
				ENABLE_BITCODE = NO;
				GCC_PREPROCESSOR_DEFINITIONS = (
					"$(inherited)",
					"FB_SONARKIT_ENABLED=1",
				);
				INFOPLIST_FILE = StudyPlannerSyllabusAI/Info.plist;
				IPHONEOS_DEPLOYMENT_TARGET = 16.0;
				LD_RUNPATH_SEARCH_PATHS = (
					"$(inherited)",
					"@executable_path/Frameworks",
				);
				MARKETING_VERSION = 1.0;
				OTHER_LDFLAGS = (
					"$(inherited)",
					"-ObjC",
					"-lc++",
				);
				OTHER_SWIFT_FLAGS = "$(inherited) -D EXPO_CONFIGURATION_DEBUG";
				PRODUCT_BUNDLE_IDENTIFIER = com.mattnewman.studyplanner;
				PRODUCT_NAME = "StudyPlannerSyllabusAI";
				SWIFT_OBJC_BRIDGING_HEADER = "StudyPlannerSyllabusAI/StudyPlannerSyllabusAI-Bridging-Header.h";
				SWIFT_OPTIMIZATION_LEVEL = "-Onone";
				SWIFT_VERSION = 5.0;
				TARGETED_DEVICE_FAMILY = "1,2";
				VERSIONING_SYSTEM = "apple-generic";
			};
			name = Debug;
		};
		13B07F951A680F5B00A75B9A /* Release */ = {
			isa = XCBuildConfiguration;
			baseConfigurationReference = 1EB97E24B0EA71C5DD6199EE /* Pods-StudyPlannerSyllabusAI.release.xcconfig */;
			buildSettings = {
				ASSETCATALOG_COMPILER_APPICON_NAME = AppIcon;
				CLANG_ENABLE_MODULES = YES;
				CODE_SIGN_ENTITLEMENTS = StudyPlannerSyllabusAI/StudyPlannerSyllabusAI.entitlements;
				CURRENT_PROJECT_VERSION = 1;
				INFOPLIST_FILE = StudyPlannerSyllabusAI/Info.plist;
				IPHONEOS_DEPLOYMENT_TARGET = 16.0;
				LD_RUNPATH_SEARCH_PATHS = (
					"$(inherited)",
					"@executable_path/Frameworks",
				);
				MARKETING_VERSION = 1.0;
				OTHER_LDFLAGS = (
					"$(inherited)",
					"-ObjC",
					"-lc++",
				);
				OTHER_SWIFT_FLAGS = "$(inherited) -D EXPO_CONFIGURATION_RELEASE";
				PRODUCT_BUNDLE_IDENTIFIER = com.mattnewman.studyplanner;
				PRODUCT_NAME = "StudyPlannerSyllabusAI";
				SWIFT_OBJC_BRIDGING_HEADER = "StudyPlannerSyllabusAI/StudyPlannerSyllabusAI-Bridging-Header.h";
				SWIFT_VERSION = 5.0;
				TARGETED_DEVICE_FAMILY = "1,2";
				VERSIONING_SYSTEM = "apple-generic";
			};
			name = Release;
		};
		83CBBA201A601CBA00E9B192 /* Debug */ = {
			isa = XCBuildConfiguration;
			buildSettings = {
				ALWAYS_SEARCH_USER_PATHS = NO;
				CLANG_ANALYZER_LOCALIZABILITY_NONLOCALIZED = YES;
				CLANG_CXX_LANGUAGE_STANDARD = "c++20";
				CLANG_CXX_LIBRARY = "libc++";
				CLANG_ENABLE_MODULES = YES;
				CLANG_ENABLE_OBJC_ARC = YES;
				CLANG_WARN_BLOCK_CAPTURE_AUTORELEASING = YES;
				CLANG_WARN_BOOL_CONVERSION = YES;
				CLANG_WARN_COMMA = YES;
				CLANG_WARN_CONSTANT_CONVERSION = YES;
				CLANG_WARN_DEPRECATED_OBJC_IMPLEMENTATIONS = YES;
				CLANG_WARN_DIRECT_OBJC_ISA_USAGE = YES_ERROR;
				CLANG_WARN_EMPTY_BODY = YES;
				CLANG_WARN_ENUM_CONVERSION = YES;
				CLANG_WARN_INFINITE_RECURSION = YES;
				CLANG_WARN_INT_CONVERSION = YES;
				CLANG_WARN_NON_LITERAL_NULL_CONVERSION = YES;
				CLANG_WARN_OBJC_IMPLICIT_RETAIN_SELF = YES;
				CLANG_WARN_OBJC_LITERAL_CONVERSION = YES;
				CLANG_WARN_OBJC_ROOT_CLASS = YES_ERROR;
				CLANG_WARN_RANGE_LOOP_ANALYSIS = YES;
				CLANG_WARN_STRICT_PROTOTYPES = YES;
				CLANG_WARN_SUSPICIOUS_MOVE = YES;
				CLANG_WARN_UNREACHABLE_CODE = YES;
				CLANG_WARN__DUPLICATE_METHOD_MATCH = YES;
				"CODE_SIGN_IDENTITY[sdk=iphoneos*]" = "iPhone Developer";
				COPY_PHASE_STRIP = NO;
				ENABLE_STRICT_OBJC_MSGSEND = YES;
				ENABLE_TESTABILITY = YES;
				GCC_C_LANGUAGE_STANDARD = gnu99;
				GCC_DYNAMIC_NO_PIC = NO;
				GCC_NO_COMMON_BLOCKS = YES;
				GCC_OPTIMIZATION_LEVEL = 0;
				GCC_PREPROCESSOR_DEFINITIONS = (
					"DEBUG=1",
					"$(inherited)",
				);
				GCC_SYMBOLS_PRIVATE_EXTERN = NO;
				GCC_WARN_64_TO_32_BIT_CONVERSION = YES;
				GCC_WARN_ABOUT_RETURN_TYPE = YES_ERROR;
				GCC_WARN_UNDECLARED_SELECTOR = YES;
				GCC_WARN_UNINITIALIZED_AUTOS = YES_AGGRESSIVE;
				GCC_WARN_UNUSED_FUNCTION = YES;
				GCC_WARN_UNUSED_VARIABLE = YES;
				IPHONEOS_DEPLOYMENT_TARGET = 15.1;
				LD_RUNPATH_SEARCH_PATHS = (
					/usr/lib/swift,
					"$(inherited)",
				);
				LIBRARY_SEARCH_PATHS = "$(SDKROOT)/usr/lib/swift\"$(inherited)\"";
				MTL_ENABLE_DEBUG_INFO = YES;
				ONLY_ACTIVE_ARCH = YES;
				OTHER_CFLAGS = "$(inherited)";
				OTHER_CPLUSPLUSFLAGS = "$(inherited)";
				REACT_NATIVE_PATH = "${PODS_ROOT}/../../node_modules/react-native";
				SDKROOT = iphoneos;
				SWIFT_ACTIVE_COMPILATION_CONDITIONS = "$(inherited) DEBUG";
				SWIFT_ENABLE_EXPLICIT_MODULES = NO;
				USE_HERMES = true;
			};
			name = Debug;
		};
		83CBBA211A601CBA00E9B192 /* Release */ = {
			isa = XCBuildConfiguration;
			buildSettings = {
				ALWAYS_SEARCH_USER_PATHS = NO;
				CLANG_ANALYZER_LOCALIZABILITY_NONLOCALIZED = YES;
				CLANG_CXX_LANGUAGE_STANDARD = "c++20";
				CLANG_CXX_LIBRARY = "libc++";
				CLANG_ENABLE_MODULES = YES;
				CLANG_ENABLE_OBJC_ARC = YES;
				CLANG_WARN_BLOCK_CAPTURE_AUTORELEASING = YES;
				CLANG_WARN_BOOL_CONVERSION = YES;
				CLANG_WARN_COMMA = YES;
				CLANG_WARN_CONSTANT_CONVERSION = YES;
				CLANG_WARN_DEPRECATED_OBJC_IMPLEMENTATIONS = YES;
				CLANG_WARN_DIRECT_OBJC_ISA_USAGE = YES_ERROR;
				CLANG_WARN_EMPTY_BODY = YES;
				CLANG_WARN_ENUM_CONVERSION = YES;
				CLANG_WARN_INFINITE_RECURSION = YES;
				CLANG_WARN_INT_CONVERSION = YES;
				CLANG_WARN_NON_LITERAL_NULL_CONVERSION = YES;
				CLANG_WARN_OBJC_IMPLICIT_RETAIN_SELF = YES;
				CLANG_WARN_OBJC_LITERAL_CONVERSION = YES;
				CLANG_WARN_OBJC_ROOT_CLASS = YES_ERROR;
				CLANG_WARN_RANGE_LOOP_ANALYSIS = YES;
				CLANG_WARN_STRICT_PROTOTYPES = YES;
				CLANG_WARN_SUSPICIOUS_MOVE = YES;
				CLANG_WARN_UNREACHABLE_CODE = YES;
				CLANG_WARN__DUPLICATE_METHOD_MATCH = YES;
				"CODE_SIGN_IDENTITY[sdk=iphoneos*]" = "iPhone Developer";
				COPY_PHASE_STRIP = YES;
				ENABLE_NS_ASSERTIONS = NO;
				ENABLE_STRICT_OBJC_MSGSEND = YES;
				GCC_C_LANGUAGE_STANDARD = gnu99;
				GCC_NO_COMMON_BLOCKS = YES;
				GCC_WARN_64_TO_32_BIT_CONVERSION = YES;
				GCC_WARN_ABOUT_RETURN_TYPE = YES_ERROR;
				GCC_WARN_UNDECLARED_SELECTOR = YES;
				GCC_WARN_UNINITIALIZED_AUTOS = YES_AGGRESSIVE;
				GCC_WARN_UNUSED_FUNCTION = YES;
				GCC_WARN_UNUSED_VARIABLE = YES;
				IPHONEOS_DEPLOYMENT_TARGET = 15.1;
				LD_RUNPATH_SEARCH_PATHS = (
					/usr/lib/swift,
					"$(inherited)",
				);
				LIBRARY_SEARCH_PATHS = "$(SDKROOT)/usr/lib/swift\"$(inherited)\"";
				MTL_ENABLE_DEBUG_INFO = NO;
				OTHER_CFLAGS = "$(inherited)";
				OTHER_CPLUSPLUSFLAGS = "$(inherited)";
				REACT_NATIVE_PATH = "${PODS_ROOT}/../../node_modules/react-native";
				SDKROOT = iphoneos;
				SWIFT_ENABLE_EXPLICIT_MODULES = NO;
				USE_HERMES = true;
				VALIDATE_PRODUCT = YES;
			};
			name = Release;
		};
		C251BCDAE82B4520A4F10012 /* Release */ = {
			isa = XCBuildConfiguration;
			baseConfigurationReference = 699B4FCBEF7504039D0367BE /* Pods-ExpoWidgetsTarget.release.xcconfig */;
			buildSettings = {
				APPLICATION_EXTENSION_API_ONLY = YES;
				CODE_SIGN_ENTITLEMENTS = ExpoWidgetsTarget/ExpoWidgetsTarget.entitlements;
				CURRENT_PROJECT_VERSION = 29;
				GENERATE_INFOPLIST_FILE = YES;
				INFOPLIST_FILE = ExpoWidgetsTarget/Info.plist;
				INFOPLIST_KEY_CFBundleDisplayName = ExpoWidgetsTarget;
				INFOPLIST_KEY_NSHumanReadableCopyright = "";
				IPHONEOS_DEPLOYMENT_TARGET = 16.2;
				MARKETING_VERSION = 1.0.2;
				OTHER_SWIFT_FLAGS = "$(inherited) -D EXPO_CONFIGURATION_RELEASE";
				PRODUCT_BUNDLE_IDENTIFIER = com.mattnewman.studyplanner.widgets;
				PRODUCT_NAME = "$(TARGET_NAME)";
				SWIFT_OPTIMIZATION_LEVEL = "-Onone";
				SWIFT_VERSION = 5.0;
				TARGETED_DEVICE_FAMILY = "1,2";
			};
			name = Release;
		};
		FA613E2F7C1045D7931F64BE /* Debug */ = {
			isa = XCBuildConfiguration;
			baseConfigurationReference = 823799D84D4F3F6C62D01E78 /* Pods-ExpoWidgetsTarget.debug.xcconfig */;
			buildSettings = {
				APPLICATION_EXTENSION_API_ONLY = YES;
				CODE_SIGN_ENTITLEMENTS = ExpoWidgetsTarget/ExpoWidgetsTarget.entitlements;
				CURRENT_PROJECT_VERSION = 29;
				GENERATE_INFOPLIST_FILE = YES;
				INFOPLIST_FILE = ExpoWidgetsTarget/Info.plist;
				INFOPLIST_KEY_CFBundleDisplayName = ExpoWidgetsTarget;
				INFOPLIST_KEY_NSHumanReadableCopyright = "";
				IPHONEOS_DEPLOYMENT_TARGET = 16.2;
				MARKETING_VERSION = 1.0.2;
				OTHER_SWIFT_FLAGS = "$(inherited) -D EXPO_CONFIGURATION_DEBUG";
				PRODUCT_BUNDLE_IDENTIFIER = com.mattnewman.studyplanner.widgets;
				PRODUCT_NAME = "$(TARGET_NAME)";
				SWIFT_OPTIMIZATION_LEVEL = "-Onone";
				SWIFT_VERSION = 5.0;
				TARGETED_DEVICE_FAMILY = "1,2";
			};
			name = Debug;
		};
/* End XCBuildConfiguration section */

/* Begin XCConfigurationList section */
		0B6AD94058344FB6ABA000AD /* Build configuration list for PBXNativeTarget "ExpoWidgetsTarget" */ = {
			isa = XCConfigurationList;
			buildConfigurations = (
				FA613E2F7C1045D7931F64BE /* Debug */,
				C251BCDAE82B4520A4F10012 /* Release */,
			);
			defaultConfigurationIsVisible = 0;
			defaultConfigurationName = Release;
		};
		13B07F931A680F5B00A75B9A /* Build configuration list for PBXNativeTarget "StudyPlannerSyllabusAI" */ = {
			isa = XCConfigurationList;
			buildConfigurations = (
				13B07F941A680F5B00A75B9A /* Debug */,
				13B07F951A680F5B00A75B9A /* Release */,
			);
			defaultConfigurationIsVisible = 0;
			defaultConfigurationName = Release;
		};
		83CBB9FA1A601CBA00E9B192 /* Build configuration list for PBXProject "StudyPlannerSyllabusAI" */ = {
			isa = XCConfigurationList;
			buildConfigurations = (
				83CBBA201A601CBA00E9B192 /* Debug */,
				83CBBA211A601CBA00E9B192 /* Release */,
			);
			defaultConfigurationIsVisible = 0;
			defaultConfigurationName = Release;
		};
/* End XCConfigurationList section */
	};
	rootObject = 83CBB9F71A601CBA00E9B192 /* Project object */;
}
